// !$*UTF8*$!
{
	archiveVersion = 1;
	classes = {
	};
	objectVersion = 50;
	objects = {

/* Begin PBXBuildFile section */
		8323A9D620BDEBA50016095B /* Ei-sc-github.jpg in Resources */ = {isa = PBXBuildFile; fileRef = 8323A9D520BDEBA50016095B /* Ei-sc-github.jpg */; };
		837A4DFF20BEF835008568C1 /* figure410.png in Resources */ = {isa = PBXBuildFile; fileRef = 837A4DFE20BEF835008568C1 /* figure410.png */; };
		83B20FF420B7657800A548C0 /* AppDelegate.swift in Sources */ = {isa = PBXBuildFile; fileRef = 83B20FF320B7657800A548C0 /* AppDelegate.swift */; };
		83B20FF620B7657800A548C0 /* ViewController.swift in Sources */ = {isa = PBXBuildFile; fileRef = 83B20FF520B7657800A548C0 /* ViewController.swift */; };
		83B20FF920B7657800A548C0 /* Main.storyboard in Resources */ = {isa = PBXBuildFile; fileRef = 83B20FF720B7657800A548C0 /* Main.storyboard */; };
		83B20FFB20B7657900A548C0 /* Assets.xcassets in Resources */ = {isa = PBXBuildFile; fileRef = 83B20FFA20B7657900A548C0 /* Assets.xcassets */; };
		83B20FFE20B7657900A548C0 /* LaunchScreen.storyboard in Resources */ = {isa = PBXBuildFile; fileRef = 83B20FFC20B7657900A548C0 /* LaunchScreen.storyboard */; };
		83B2100920B7657900A548C0 /* moodwalk_testTests.swift in Sources */ = {isa = PBXBuildFile; fileRef = 83B2100820B7657900A548C0 /* moodwalk_testTests.swift */; };
		83B2101420B7657900A548C0 /* moodwalk_testUITests.swift in Sources */ = {isa = PBXBuildFile; fileRef = 83B2101320B7657900A548C0 /* moodwalk_testUITests.swift */; };
/* End PBXBuildFile section */

/* Begin PBXContainerItemProxy section */
		83B2100520B7657900A548C0 /* PBXContainerItemProxy */ = {
			isa = PBXContainerItemProxy;
			containerPortal = 83B20FE820B7657800A548C0 /* Project object */;
			proxyType = 1;
			remoteGlobalIDString = 83B20FEF20B7657800A548C0;
			remoteInfo = moodwalk_test;
		};
		83B2101020B7657900A548C0 /* PBXContainerItemProxy */ = {
			isa = PBXContainerItemProxy;
			containerPortal = 83B20FE820B7657800A548C0 /* Project object */;
			proxyType = 1;
			remoteGlobalIDString = 83B20FEF20B7657800A548C0;
			remoteInfo = moodwalk_test;
		};
/* End PBXContainerItemProxy section */

/* Begin PBXFileReference section */
		8323A9D520BDEBA50016095B /* Ei-sc-github.jpg */ = {isa = PBXFileReference; lastKnownFileType = image.jpeg; path = "Ei-sc-github.jpg"; sourceTree = "<group>"; };
		837A4DFE20BEF835008568C1 /* figure410.png */ = {isa = PBXFileReference; lastKnownFileType = image.png; path = figure410.png; sourceTree = SOURCE_ROOT; };
		83B20FF020B7657800A548C0 /* moodwalk_test.app */ = {isa = PBXFileReference; explicitFileType = wrapper.application; includeInIndex = 0; path = moodwalk_test.app; sourceTree = BUILT_PRODUCTS_DIR; };
		83B20FF320B7657800A548C0 /* AppDelegate.swift */ = {isa = PBXFileReference; lastKnownFileType = sourcecode.swift; path = AppDelegate.swift; sourceTree = "<group>"; };
		83B20FF520B7657800A548C0 /* ViewController.swift */ = {isa = PBXFileReference; lastKnownFileType = sourcecode.swift; path = ViewController.swift; sourceTree = "<group>"; };
		83B20FF820B7657800A548C0 /* Base */ = {isa = PBXFileReference; lastKnownFileType = file.storyboard; name = Base; path = Base.lproj/Main.storyboard; sourceTree = "<group>"; };
		83B20FFA20B7657900A548C0 /* Assets.xcassets */ = {isa = PBXFileReference; lastKnownFileType = folder.assetcatalog; path = Assets.xcassets; sourceTree = "<group>"; };
		83B20FFD20B7657900A548C0 /* Base */ = {isa = PBXFileReference; lastKnownFileType = file.storyboard; name = Base; path = Base.lproj/LaunchScreen.storyboard; sourceTree = "<group>"; };
		83B20FFF20B7657900A548C0 /* Info.plist */ = {isa = PBXFileReference; lastKnownFileType = text.plist.xml; path = Info.plist; sourceTree = "<group>"; };
		83B2100420B7657900A548C0 /* moodwalk_testTests.xctest */ = {isa = PBXFileReference; explicitFileType = wrapper.cfbundle; includeInIndex = 0; path = moodwalk_testTests.xctest; sourceTree = BUILT_PRODUCTS_DIR; };
		83B2100820B7657900A548C0 /* moodwalk_testTests.swift */ = {isa = PBXFileReference; lastKnownFileType = sourcecode.swift; path = moodwalk_testTests.swift; sourceTree = "<group>"; };
		83B2100A20B7657900A548C0 /* Info.plist */ = {isa = PBXFileReference; lastKnownFileType = text.plist.xml; path = Info.plist; sourceTree = "<group>"; };
		83B2100F20B7657900A548C0 /* moodwalk_testUITests.xctest */ = {isa = PBXFileReference; explicitFileType = wrapper.cfbundle; includeInIndex = 0; path = moodwalk_testUITests.xctest; sourceTree = BUILT_PRODUCTS_DIR; };
		83B2101320B7657900A548C0 /* moodwalk_testUITests.swift */ = {isa = PBXFileReference; lastKnownFileType = sourcecode.swift; path = moodwalk_testUITests.swift; sourceTree = "<group>"; };
		83B2101520B7657900A548C0 /* Info.plist */ = {isa = PBXFileReference; lastKnownFileType = text.plist.xml; path = Info.plist; sourceTree = "<group>"; };
/* End PBXFileReference section */

/* Begin PBXFrameworksBuildPhase section */
		83B20FED20B7657800A548C0 /* Frameworks */ = {
			isa = PBXFrameworksBuildPhase;
			buildActionMask = 2147483647;
			files = (
			);
			runOnlyForDeploymentPostprocessing = 0;
		};
		83B2100120B7657900A548C0 /* Frameworks */ = {
			isa = PBXFrameworksBuildPhase;
			buildActionMask = 2147483647;
			files = (
			);
			runOnlyForDeploymentPostprocessing = 0;
		};
		83B2100C20B7657900A548C0 /* Frameworks */ = {
			isa = PBXFrameworksBuildPhase;
			buildActionMask = 2147483647;
			files = (
			);
			runOnlyForDeploymentPostprocessing = 0;
		};
/* End PBXFrameworksBuildPhase section */

/* Begin PBXGroup section */
		83B20FE720B7657800A548C0 = {
			isa = PBXGroup;
			children = (
				83B20FF220B7657800A548C0 /* moodwalk_test */,
				83B2100720B7657900A548C0 /* moodwalk_testTests */,
				83B2101220B7657900A548C0 /* moodwalk_testUITests */,
				83B20FF120B7657800A548C0 /* Products */,
			);
			sourceTree = "<group>";
		};
		83B20FF120B7657800A548C0 /* Products */ = {
			isa = PBXGroup;
			children = (
				83B20FF020B7657800A548C0 /* moodwalk_test.app */,
				83B2100420B7657900A548C0 /* moodwalk_testTests.xctest */,
				83B2100F20B7657900A548C0 /* moodwalk_testUITests.xctest */,
			);
			name = Products;
			sourceTree = "<group>";
		};
		83B20FF220B7657800A548C0 /* moodwalk_test */ = {
			isa = PBXGroup;
			children = (
				837A4DFE20BEF835008568C1 /* figure410.png */,
				8323A9D520BDEBA50016095B /* Ei-sc-github.jpg */,
				83B20FF320B7657800A548C0 /* AppDelegate.swift */,
				83B20FF520B7657800A548C0 /* ViewController.swift */,
				83B20FF720B7657800A548C0 /* Main.storyboard */,
				83B20FFA20B7657900A548C0 /* Assets.xcassets */,
				83B20FFC20B7657900A548C0 /* LaunchScreen.storyboard */,
				83B20FFF20B7657900A548C0 /* Info.plist */,
			);
			path = moodwalk_test;
			sourceTree = "<group>";
		};
		83B2100720B7657900A548C0 /* moodwalk_testTests */ = {
			isa = PBXGroup;
			children = (
				83B2100820B7657900A548C0 /* moodwalk_testTests.swift */,
				83B2100A20B7657900A548C0 /* Info.plist */,
			);
			path = moodwalk_testTests;
			sourceTree = "<group>";
		};
		83B2101220B7657900A548C0 /* moodwalk_testUITests */ = {
			isa = PBXGroup;
			children = (
				83B2101320B7657900A548C0 /* moodwalk_testUITests.swift */,
				83B2101520B7657900A548C0 /* Info.plist */,
			);
			path = moodwalk_testUITests;
			sourceTree = "<group>";
		};
/* End PBXGroup section */

/* Begin PBXNativeTarget section */
		83B20FEF20B7657800A548C0 /* moodwalk_test */ = {
			isa = PBXNativeTarget;
			buildConfigurationList = 83B2101820B7657900A548C0 /* Build configuration list for PBXNativeTarget "moodwalk_test" */;
			buildPhases = (
				83B20FEC20B7657800A548C0 /* Sources */,
				83B20FED20B7657800A548C0 /* Frameworks */,
				83B20FEE20B7657800A548C0 /* Resources */,
			);
			buildRules = (
			);
			dependencies = (
			);
			name = moodwalk_test;
			productName = moodwalk_test;
			productReference = 83B20FF020B7657800A548C0 /* moodwalk_test.app */;
			productType = "com.apple.product-type.application";
		};
		83B2100320B7657900A548C0 /* moodwalk_testTests */ = {
			isa = PBXNativeTarget;
			buildConfigurationList = 83B2101B20B7657900A548C0 /* Build configuration list for PBXNativeTarget "moodwalk_testTests" */;
			buildPhases = (
				83B2100020B7657900A548C0 /* Sources */,
				83B2100120B7657900A548C0 /* Frameworks */,
				83B2100220B7657900A548C0 /* Resources */,
			);
			buildRules = (
			);
			dependencies = (
				83B2100620B7657900A548C0 /* PBXTargetDependency */,
			);
			name = moodwalk_testTests;
			productName = moodwalk_testTests;
			productReference = 83B2100420B7657900A548C0 /* moodwalk_testTests.xctest */;
			productType = "com.apple.product-type.bundle.unit-test";
		};
		83B2100E20B7657900A548C0 /* moodwalk_testUITests */ = {
			isa = PBXNativeTarget;
			buildConfigurationList = 83B2101E20B7657900A548C0 /* Build configuration list for PBXNativeTarget "moodwalk_testUITests" */;
			buildPhases = (
				83B2100B20B7657900A548C0 /* Sources */,
				83B2100C20B7657900A548C0 /* Frameworks */,
				83B2100D20B7657900A548C0 /* Resources */,
			);
			buildRules = (
			);
			dependencies = (
				83B2101120B7657900A548C0 /* PBXTargetDependency */,
			);
			name = moodwalk_testUITests;
			productName = moodwalk_testUITests;
			productReference = 83B2100F20B7657900A548C0 /* moodwalk_testUITests.xctest */;
			productType = "com.apple.product-type.bundle.ui-testing";
		};
/* End PBXNativeTarget section */

/* Begin PBXProject section */
		83B20FE820B7657800A548C0 /* Project object */ = {
			isa = PBXProject;
			attributes = {
				LastSwiftUpdateCheck = 0930;
				LastUpgradeCheck = 0930;
				ORGANIZATIONNAME = ByWe;
				TargetAttributes = {
					83B20FEF20B7657800A548C0 = {
						CreatedOnToolsVersion = 9.3.1;
					};
					83B2100320B7657900A548C0 = {
						CreatedOnToolsVersion = 9.3.1;
						TestTargetID = 83B20FEF20B7657800A548C0;
					};
					83B2100E20B7657900A548C0 = {
						CreatedOnToolsVersion = 9.3.1;
						TestTargetID = 83B20FEF20B7657800A548C0;
					};
				};
			};
			buildConfigurationList = 83B20FEB20B7657800A548C0 /* Build configuration list for PBXProject "moodwalk_test" */;
			compatibilityVersion = "Xcode 9.3";
			developmentRegion = en;
			hasScannedForEncodings = 0;
			knownRegions = (
				en,
				Base,
			);
			mainGroup = 83B20FE720B7657800A548C0;
			productRefGroup = 83B20FF120B7657800A548C0 /* Products */;
			projectDirPath = "";
			projectRoot = "";
			targets = (
				83B20FEF20B7657800A548C0 /* moodwalk_test */,
				83B2100320B7657900A548C0 /* moodwalk_testTests */,
				83B2100E20B7657900A548C0 /* moodwalk_testUITests */,
			);
		};
/* End PBXProject section */

/* Begin PBXResourcesBuildPhase section */
		83B20FEE20B7657800A548C0 /* Resources */ = {
			isa = PBXResourcesBuildPhase;
			buildActionMask = 2147483647;
			files = (
				8323A9D620BDEBA50016095B /* Ei-sc-github.jpg in Resources */,
				83B20FFE20B7657900A548C0 /* LaunchScreen.storyboard in Resources */,
				83B20FFB20B7657900A548C0 /* Assets.xcassets in Resources */,
				837A4DFF20BEF835008568C1 /* figure410.png in Resources */,
				83B20FF920B7657800A548C0 /* Main.storyboard in Resources */,
			);
			runOnlyForDeploymentPostprocessing = 0;
		};
		83B2100220B7657900A548C0 /* Resources */ = {
			isa = PBXResourcesBuildPhase;
			buildActionMask = 2147483647;
			files = (
			);
			runOnlyForDeploymentPostprocessing = 0;
		};
		83B2100D20B7657900A548C0 /* Resources */ = {
			isa = PBXResourcesBuildPhase;
			buildActionMask = 2147483647;
			files = (
			);
			runOnlyForDeploymentPostprocessing = 0;
		};
/* End PBXResourcesBuildPhase section */

/* Begin PBXSourcesBuildPhase section */
		83B20FEC20B7657800A548C0 /* Sources */ = {
			isa = PBXSourcesBuildPhase;
			buildActionMask = 2147483647;
			files = (
				83B20FF620B7657800A548C0 /* ViewController.swift in Sources */,
				83B20FF420B7657800A548C0 /* AppDelegate.swift in Sources */,
			);
			runOnlyForDeploymentPostprocessing = 0;
		};
		83B2100020B7657900A548C0 /* Sources */ = {
			isa = PBXSourcesBuildPhase;
			buildActionMask = 2147483647;
			files = (
				83B2100920B7657900A548C0 /* moodwalk_testTests.swift in Sources */,
			);
			runOnlyForDeploymentPostprocessing = 0;
		};
		83B2100B20B7657900A548C0 /* Sources */ = {
			isa = PBXSourcesBuildPhase;
			buildActionMask = 2147483647;
			files = (
				83B2101420B7657900A548C0 /* moodwalk_testUITests.swift in Sources */,
			);
			runOnlyForDeploymentPostprocessing = 0;
		};
/* End PBXSourcesBuildPhase section */

/* Begin PBXTargetDependency section */
		83B2100620B7657900A548C0 /* PBXTargetDependency */ = {
			isa = PBXTargetDependency;
			target = 83B20FEF20B7657800A548C0 /* moodwalk_test */;
			targetProxy = 83B2100520B7657900A548C0 /* PBXContainerItemProxy */;
		};
		83B2101120B7657900A548C0 /* PBXTargetDependency */ = {
			isa = PBXTargetDependency;
			target = 83B20FEF20B7657800A548C0 /* moodwalk_test */;
			targetProxy = 83B2101020B7657900A548C0 /* PBXContainerItemProxy */;
		};
/* End PBXTargetDependency section */

/* Begin PBXVariantGroup section */
		83B20FF720B7657800A548C0 /* Main.storyboard */ = {
			isa = PBXVariantGroup;
			children = (
				83B20FF820B7657800A548C0 /* Base */,
			);
			name = Main.storyboard;
			sourceTree = "<group>";
		};
		83B20FFC20B7657900A548C0 /* LaunchScreen.storyboard */ = {
			isa = PBXVariantGroup;
			children = (
				83B20FFD20B7657900A548C0 /* Base */,
			);
			name = LaunchScreen.storyboard;
			sourceTree = "<group>";
		};
/* End PBXVariantGroup section */

/* Begin XCBuildConfiguration section */
		83B2101620B7657900A548C0 /* Debug */ = {
			isa = XCBuildConfiguration;
			buildSettings = {
				ALWAYS_SEARCH_USER_PATHS = NO;
				CLANG_ANALYZER_NONNULL = YES;
				CLANG_ANALYZER_NUMBER_OBJECT_CONVERSION = YES_AGGRESSIVE;
				CLANG_CXX_LANGUAGE_STANDARD = "gnu++14";
				CLANG_CXX_LIBRARY = "libc++";
				CLANG_ENABLE_MODULES = YES;
				CLANG_ENABLE_OBJC_ARC = YES;
				CLANG_ENABLE_OBJC_WEAK = YES;
				CLANG_WARN_BLOCK_CAPTURE_AUTORELEASING = YES;
				CLANG_WARN_BOOL_CONVERSION = YES;
				CLANG_WARN_COMMA = YES;
				CLANG_WARN_CONSTANT_CONVERSION = YES;
				CLANG_WARN_DEPRECATED_OBJC_IMPLEMENTATIONS = YES;
				CLANG_WARN_DIRECT_OBJC_ISA_USAGE = YES_ERROR;
				CLANG_WARN_DOCUMENTATION_COMMENTS = YES;
				CLANG_WARN_EMPTY_BODY = YES;
				CLANG_WARN_ENUM_CONVERSION = YES;
				CLANG_WARN_INFINITE_RECURSION = YES;
				CLANG_WARN_INT_CONVERSION = YES;
				CLANG_WARN_NON_LITERAL_NULL_CONVERSION = YES;
				CLANG_WARN_OBJC_IMPLICIT_RETAIN_SELF = YES;
				CLANG_WARN_OBJC_LITERAL_CONVERSION = YES;
				CLANG_WARN_OBJC_ROOT_CLASS = YES_ERROR;
				CLANG_WARN_RANGE_LOOP_ANALYSIS = YES;
				CLANG_WARN_STRICT_PROTOTYPES = YES;
				CLANG_WARN_SUSPICIOUS_MOVE = YES;
				CLANG_WARN_UNGUARDED_AVAILABILITY = YES_AGGRESSIVE;
				CLANG_WARN_UNREACHABLE_CODE = YES;
				CLANG_WARN__DUPLICATE_METHOD_MATCH = YES;
				CODE_SIGN_IDENTITY = "iPhone Developer";
				COPY_PHASE_STRIP = NO;
				DEBUG_INFORMATION_FORMAT = dwarf;
				ENABLE_STRICT_OBJC_MSGSEND = YES;
				ENABLE_TESTABILITY = YES;
				GCC_C_LANGUAGE_STANDARD = gnu11;
				GCC_DYNAMIC_NO_PIC = NO;
				GCC_NO_COMMON_BLOCKS = YES;
				GCC_OPTIMIZATION_LEVEL = 0;
				GCC_PREPROCESSOR_DEFINITIONS = (
					"DEBUG=1",
					"$(inherited)",
				);
				GCC_WARN_64_TO_32_BIT_CONVERSION = YES;
				GCC_WARN_ABOUT_RETURN_TYPE = YES_ERROR;
				GCC_WARN_UNDECLARED_SELECTOR = YES;
				GCC_WARN_UNINITIALIZED_AUTOS = YES_AGGRESSIVE;
				GCC_WARN_UNUSED_FUNCTION = YES;
				GCC_WARN_UNUSED_VARIABLE = YES;
				IPHONEOS_DEPLOYMENT_TARGET = 11.3;
				MTL_ENABLE_DEBUG_INFO = YES;
				ONLY_ACTIVE_ARCH = YES;
				SDKROOT = iphoneos;
				SWIFT_ACTIVE_COMPILATION_CONDITIONS = DEBUG;
				SWIFT_OPTIMIZATION_LEVEL = "-Onone";
			};
			name = Debug;
		};
		83B2101720B7657900A548C0 /* Release */ = {
			isa = XCBuildConfiguration;
			buildSettings = {
				ALWAYS_SEARCH_USER_PATHS = NO;
				CLANG_ANALYZER_NONNULL = YES;
				CLANG_ANALYZER_NUMBER_OBJECT_CONVERSION = YES_AGGRESSIVE;
				CLANG_CXX_LANGUAGE_STANDARD = "gnu++14";
				CLANG_CXX_LIBRARY = "libc++";
				CLANG_ENABLE_MODULES = YES;
				CLANG_ENABLE_OBJC_ARC = YES;
				CLANG_ENABLE_OBJC_WEAK = YES;
				CLANG_WARN_BLOCK_CAPTURE_AUTORELEASING = YES;
				CLANG_WARN_BOOL_CONVERSION = YES;
				CLANG_WARN_COMMA = YES;
				CLANG_WARN_CONSTANT_CONVERSION = YES;
				CLANG_WARN_DEPRECATED_OBJC_IMPLEMENTATIONS = YES;
				CLANG_WARN_DIRECT_OBJC_ISA_USAGE = YES_ERROR;
				CLANG_WARN_DOCUMENTATION_COMMENTS = YES;
				CLANG_WARN_EMPTY_BODY = YES;
				CLANG_WARN_ENUM_CONVERSION = YES;
				CLANG_WARN_INFINITE_RECURSION = YES;
				CLANG_WARN_INT_CONVERSION = YES;
				CLANG_WARN_NON_LITERAL_NULL_CONVERSION = YES;
				CLANG_WARN_OBJC_IMPLICIT_RETAIN_SELF = YES;
				CLANG_WARN_OBJC_LITERAL_CONVERSION = YES;
				CLANG_WARN_OBJC_ROOT_CLASS = YES_ERROR;
				CLANG_WARN_RANGE_LOOP_ANALYSIS = YES;
				CLANG_WARN_STRICT_PROTOTYPES = YES;
				CLANG_WARN_SUSPICIOUS_MOVE = YES;
				CLANG_WARN_UNGUARDED_AVAILABILITY = YES_AGGRESSIVE;
				CLANG_WARN_UNREACHABLE_CODE = YES;
				CLANG_WARN__DUPLICATE_METHOD_MATCH = YES;
				CODE_SIGN_IDENTITY = "iPhone Developer";
				COPY_PHASE_STRIP = NO;
				DEBUG_INFORMATION_FORMAT = "dwarf-with-dsym";
				ENABLE_NS_ASSERTIONS = NO;
				ENABLE_STRICT_OBJC_MSGSEND = YES;
				GCC_C_LANGUAGE_STANDARD = gnu11;
				GCC_NO_COMMON_BLOCKS = YES;
				GCC_WARN_64_TO_32_BIT_CONVERSION = YES;
				GCC_WARN_ABOUT_RETURN_TYPE = YES_ERROR;
				GCC_WARN_UNDECLARED_SELECTOR = YES;
				GCC_WARN_UNINITIALIZED_AUTOS = YES_AGGRESSIVE;
				GCC_WARN_UNUSED_FUNCTION = YES;
				GCC_WARN_UNUSED_VARIABLE = YES;
				IPHONEOS_DEPLOYMENT_TARGET = 11.3;
				MTL_ENABLE_DEBUG_INFO = NO;
				SDKROOT = iphoneos;
				SWIFT_COMPILATION_MODE = wholemodule;
				SWIFT_OPTIMIZATION_LEVEL = "-O";
				VALIDATE_PRODUCT = YES;
			};
			name = Release;
		};
		83B2101920B7657900A548C0 /* Debug */ = {
			isa = XCBuildConfiguration;
			buildSettings = {
				ASSETCATALOG_COMPILER_APPICON_NAME = AppIcon;
				CODE_SIGN_STYLE = Automatic;
				INFOPLIST_FILE = moodwalk_test/Info.plist;
				LD_RUNPATH_SEARCH_PATHS = (
					"$(inherited)",
					"@executable_path/Frameworks",
				);
				PRODUCT_BUNDLE_IDENTIFIER = "ByWe.moodwalk-test";
				PRODUCT_NAME = "$(TARGET_NAME)";
				SWIFT_VERSION = 4.0;
				TARGETED_DEVICE_FAMILY = "1,2";
			};
			name = Debug;
		};
		83B2101A20B7657900A548C0 /* Release */ = {
			isa = XCBuildConfiguration;
			buildSettings = {
				ASSETCATALOG_COMPILER_APPICON_NAME = AppIcon;
				CODE_SIGN_STYLE = Automatic;
				INFOPLIST_FILE = moodwalk_test/Info.plist;
				LD_RUNPATH_SEARCH_PATHS = (
					"$(inherited)",
					"@executable_path/Frameworks",
				);
				PRODUCT_BUNDLE_IDENTIFIER = "ByWe.moodwalk-test";
				PRODUCT_NAME = "$(TARGET_NAME)";
				SWIFT_VERSION = 4.0;
				TARGETED_DEVICE_FAMILY = "1,2";
			};
			name = Release;
		};
		83B2101C20B7657900A548C0 /* Debug */ = {
			isa = XCBuildConfiguration;
			buildSettings = {
				ALWAYS_EMBED_SWIFT_STANDARD_LIBRARIES = YES;
				BUNDLE_LOADER = "$(TEST_HOST)";
				CODE_SIGN_STYLE = Automatic;
				INFOPLIST_FILE = moodwalk_testTests/Info.plist;
				LD_RUNPATH_SEARCH_PATHS = (
					"$(inherited)",
					"@executable_path/Frameworks",
					"@loader_path/Frameworks",
				);
				PRODUCT_BUNDLE_IDENTIFIER = "ByWe.moodwalk-testTests";
				PRODUCT_NAME = "$(TARGET_NAME)";
				SWIFT_VERSION = 4.0;
				TARGETED_DEVICE_FAMILY = "1,2";
				TEST_HOST = "$(BUILT_PRODUCTS_DIR)/moodwalk_test.app/moodwalk_test";
			};
			name = Debug;
		};
		83B2101D20B7657900A548C0 /* Release */ = {
			isa = XCBuildConfiguration;
			buildSettings = {
				ALWAYS_EMBED_SWIFT_STANDARD_LIBRARIES = YES;
				BUNDLE_LOADER = "$(TEST_HOST)";
				CODE_SIGN_STYLE = Automatic;
				INFOPLIST_FILE = moodwalk_testTests/Info.plist;
				LD_RUNPATH_SEARCH_PATHS = (
					"$(inherited)",
					"@executable_path/Frameworks",
					"@loader_path/Frameworks",
				);
				PRODUCT_BUNDLE_IDENTIFIER = "ByWe.moodwalk-testTests";
				PRODUCT_NAME = "$(TARGET_NAME)";
				SWIFT_VERSION = 4.0;
				TARGETED_DEVICE_FAMILY = "1,2";
				TEST_HOST = "$(BUILT_PRODUCTS_DIR)/moodwalk_test.app/moodwalk_test";
			};
			name = Release;
		};
		83B2101F20B7657900A548C0 /* Debug */ = {
			isa = XCBuildConfiguration;
			buildSettings = {
				ALWAYS_EMBED_SWIFT_STANDARD_LIBRARIES = YES;
				CODE_SIGN_STYLE = Automatic;
				INFOPLIST_FILE = moodwalk_testUITests/Info.plist;
				LD_RUNPATH_SEARCH_PATHS = (
					"$(inherited)",
					"@executable_path/Frameworks",
					"@loader_path/Frameworks",
				);
				PRODUCT_BUNDLE_IDENTIFIER = "ByWe.moodwalk-testUITests";
				PRODUCT_NAME = "$(TARGET_NAME)";
				SWIFT_VERSION = 4.0;
				TARGETED_DEVICE_FAMILY = "1,2";
				TEST_TARGET_NAME = moodwalk_test;
			};
			name = Debug;
		};
		83B2102020B7657900A548C0 /* Release */ = {
			isa = XCBuildConfiguration;
			buildSettings = {
				ALWAYS_EMBED_SWIFT_STANDARD_LIBRARIES = YES;
				CODE_SIGN_STYLE = Automatic;
				INFOPLIST_FILE = moodwalk_testUITests/Info.plist;
				LD_RUNPATH_SEARCH_PATHS = (
					"$(inherited)",
					"@executable_path/Frameworks",
					"@loader_path/Frameworks",
				);
				PRODUCT_BUNDLE_IDENTIFIER = "ByWe.moodwalk-testUITests";
				PRODUCT_NAME = "$(TARGET_NAME)";
				SWIFT_VERSION = 4.0;
				TARGETED_DEVICE_FAMILY = "1,2";
				TEST_TARGET_NAME = moodwalk_test;
			};
			name = Release;
		};
/* End XCBuildConfiguration section */

/* Begin XCConfigurationList section */
		83B20FEB20B7657800A548C0 /* Build configuration list for PBXProject "moodwalk_test" */ = {
			isa = XCConfigurationList;
			buildConfigurations = (
				83B2101620B7657900A548C0 /* Debug */,
				83B2101720B7657900A548C0 /* Release */,
			);
			defaultConfigurationIsVisible = 0;
			defaultConfigurationName = Release;
		};
		83B2101820B7657900A548C0 /* Build configuration list for PBXNativeTarget "moodwalk_test" */ = {
			isa = XCConfigurationList;
			buildConfigurations = (
				83B2101920B7657900A548C0 /* Debug */,
				83B2101A20B7657900A548C0 /* Release */,
			);
			defaultConfigurationIsVisible = 0;
			defaultConfigurationName = Release;
		};
		83B2101B20B7657900A548C0 /* Build configuration list for PBXNativeTarget "moodwalk_testTests" */ = {
			isa = XCConfigurationList;
			buildConfigurations = (
				83B2101C20B7657900A548C0 /* Debug */,
				83B2101D20B7657900A548C0 /* Release */,
			);
			defaultConfigurationIsVisible = 0;
			defaultConfigurationName = Release;
		};
		83B2101E20B7657900A548C0 /* Build configuration list for PBXNativeTarget "moodwalk_testUITests" */ = {
			isa = XCConfigurationList;
			buildConfigurations = (
				83B2101F20B7657900A548C0 /* Debug */,
				83B2102020B7657900A548C0 /* Release */,
			);
			defaultConfigurationIsVisible = 0;
			defaultConfigurationName = Release;
		};
/* End XCConfigurationList section */
	};
	rootObject = 83B20FE820B7657800A548C0 /* Project object */;
}
